
Microsoft Visual Studio Solution File, Format Version 12.00
# Visual Studio Version 17
VisualStudioVersion = 17.11.35208.52
MinimumVisualStudioVersion = 10.0.40219.1
Project("{FAE04EC0-301F-11D3-BF4B-00C04F79EFBC}") = "PortfolioTrackerAPI", "PortfolioTrackerAPI.csproj", "{ACA439DF-0664-439B-8DED-08A7484BB043}"
EndProject
Global
	GlobalSection(SolutionConfigurationPlatforms) = preSolution
		Debug|Any CPU = Debug|Any CPU
		Release|Any CPU = Release|Any CPU
	EndGlobalSection
	GlobalSection(ProjectConfigurationPlatforms) = postSolution
		{ACA439DF-0664-439B-8DED-08A7484BB043}.Debug|Any CPU.ActiveCfg = Debug|Any CPU
		{ACA439DF-0664-439B-8DED-08A7484BB043}.Debug|Any CPU.Build.0 = Debug|Any CPU
		{ACA439DF-0664-439B-8DED-08A7484BB043}.Release|Any CPU.ActiveCfg = Release|Any CPU
		{ACA439DF-0664-439B-8DED-08A7484BB043}.Release|Any CPU.Build.0 = Release|Any CPU
	EndGlobalSection
	GlobalSection(SolutionProperties) = preSolution
		HideSolutionNode = FALSE
	EndGlobalSection
	GlobalSection(ExtensibilityGlobals) = postSolution
		SolutionGuid = {BCA55EF5-180B-498A-8132-92840BDFB27C}
	EndGlobalSection
EndGlobal
